# This file is automatically @generated by Cargo.
# It is not intended for manual editing.
version = 4

[[package]]
name = "photohelper-ai"
version = "0.0.0"
dependencies = [
 "photohelper-core",
]

[[package]]
name = "photohelper-cameras"
version = "0.0.0"
dependencies = [
 "photohelper-core",
]

[[package]]
name = "photohelper-cli"
version = "0.0.0"
dependencies = [
 "photohelper-core",
]

[[package]]
name = "photohelper-core"
version = "0.0.0"

[[package]]
name = "photohelper-export"
version = "0.0.0"
dependencies = [
 "photohelper-core",
]

[[package]]
name = "photohelper-raw"
version = "0.0.0"
dependencies = [
 "photohelper-core",
]

[[package]]
name = "photohelper-sidecar"
version = "0.0.0"
dependencies = [
 "photohelper-core",
]
